schema: '2.0'
stages:
  load_data:
    cmd: python src/stage01_load_and_save.py --config=params.yaml
    deps:
    - path: src/stage01_load_and_save.py
      md5: c925edfbbe5bd41cc1640925cc221c41
      size: 941
    params:
      params.yaml:
        artifacts.raw_local_data_dir: artifacts/raw_local_data_dir
        data_source.cloud_storage: artifacts/Data_given/winequalityN.csv
    outs:
    - path: artifacts/raw_local_data_dir/winequality.csv
      md5: d98e8f2eca228c11c4de1cc96866a54d
      size: 93598
